
Microsoft Visual Studio Solution File, Format Version 12.00
# Visual Studio Version 16
VisualStudioVersion = 16.0.30804.86
MinimumVisualStudioVersion = 10.0.40219.1
Project("{9A19103F-16F7-4668-BE54-9A1E7A4F7556}") = "HelloWorld", "HelloWorld\HelloWorld.csproj", "{3F328473-7494-461D-A426-C82F2C3072CD}"
EndProject
Project("{FAE04EC0-301F-11D3-BF4B-00C04F79EFBC}") = "HolaMundo", "HolaMundo\HolaMundo.csproj", "{39FDD465-A8AD-4628-A051-746E4E254361}"
EndProject
Global
	GlobalSection(SolutionConfigurationPlatforms) = preSolution
		Debug|Any CPU = Debug|Any CPU
		Release|Any CPU = Release|Any CPU
	EndGlobalSection
	GlobalSection(ProjectConfigurationPlatforms) = postSolution
		{3F328473-7494-461D-A426-C82F2C3072CD}.Debug|Any CPU.ActiveCfg = Debug|Any CPU
		{3F328473-7494-461D-A426-C82F2C3072CD}.Debug|Any CPU.Build.0 = Debug|Any CPU
		{3F328473-7494-461D-A426-C82F2C3072CD}.Release|Any CPU.ActiveCfg = Release|Any CPU
		{3F328473-7494-461D-A426-C82F2C3072CD}.Release|Any CPU.Build.0 = Release|Any CPU
		{39FDD465-A8AD-4628-A051-746E4E254361}.Debug|Any CPU.ActiveCfg = Debug|Any CPU
		{39FDD465-A8AD-4628-A051-746E4E254361}.Debug|Any CPU.Build.0 = Debug|Any CPU
		{39FDD465-A8AD-4628-A051-746E4E254361}.Release|Any CPU.ActiveCfg = Release|Any CPU
		{39FDD465-A8AD-4628-A051-746E4E254361}.Release|Any CPU.Build.0 = Release|Any CPU
	EndGlobalSection
	GlobalSection(SolutionProperties) = preSolution
		HideSolutionNode = FALSE
	EndGlobalSection
	GlobalSection(ExtensibilityGlobals) = postSolution
		SolutionGuid = {47AA227B-0043-473C-8F37-EB2168976E3A}
	EndGlobalSection
EndGlobal
